{
  "version": 4,
  "terraform_version": "1.8.4",
  "serial": 5,
  "lineage": "07463f10-b944-77bb-4f01-84a96bf985cf",
  "outputs": {},
  "resources": [
    {
      "mode": "managed",
      "type": "aws_iam_user",
      "name": "user_data",
      "provider": "provider[\"registry.terraform.io/hashicorp/aws\"]",
      "instances": [
        {
          "index_key": 1,
          "schema_version": 0,
          "attributes": {
            "arn": "arn:aws:iam::975050007786:user/Naveen",
            "force_destroy": false,
            "id": "Naveen",
            "name": "Naveen",
            "path": "/",
            "permissions_boundary": "",
            "tags": null,
            "tags_all": {},
            "unique_id": "AIDA6GBMCMTVFISZB4YT6"
          },
          "sensitive_attributes": [],
          "private": "bnVsbA=="
        },
        {
          "index_key": 2,
          "schema_version": 0,
          "attributes": {
            "arn": "arn:aws:iam::975050007786:user/sandy",
            "force_destroy": false,
            "id": "sandy",
            "name": "sandy",
            "path": "/",
            "permissions_boundary": "",
            "tags": null,
            "tags_all": {},
            "unique_id": "AIDA6GBMCMTVC3FTIQZVK"
          },
          "sensitive_attributes": [],
          "private": "bnVsbA=="
        },
        {
          "index_key": 3,
          "schema_version": 0,
          "attributes": {
            "arn": "arn:aws:iam::975050007786:user/banu",
            "force_destroy": false,
            "id": "banu",
            "name": "banu",
            "path": "/",
            "permissions_boundary": "",
            "tags": null,
            "tags_all": {},
            "unique_id": "AIDA6GBMCMTVKVRPM43NK"
          },
          "sensitive_attributes": [],
          "private": "bnVsbA=="
        }
      ]
    }
  ],
  "check_results": null
}
